github.com/lucasb-eyer/go-colorful v0.0.0-20170903184257-231272389856 h1:r+WvXmgROttp7pckv7TPN7OCUEPXmvhRklOOsL2iPPc=
github.com/lucasb-eyer/go-colorful v0.0.0-20170903184257-231272389856/go.mod h1:NXg0ArsFk0Y01623LgUqoqcouGDB+PwCCQlrwrG6xJ4=
github.com/mattn/go-runewidth v0.0.2 h1:UnlwIPBGaTZfPQ6T1IGzPI0EkYAQmT9fAEJ/poFC63o=
github.com/mattn/go-runewidth v0.0.2/go.mod h1:LwmH8dsx7+W8Uxz3IHJYH5QSwggIsqBzpuz5H//U1FU=
github.com/nsf/termbox-go v0.0.0-20171013182044-10cefba34bc5 h1:cXi2ozIvc52P61y8ts9qTMdP/TgZRAoRIkWcJaxogak=
github.com/nsf/termbox-go v0.0.0-20171013182044-10cefba34bc5/go.mod h1:IuKpRQcYE1Tfu+oAQqaLisqDeXgjyyltCfsaoYN18NQ=
github.com/sebashwa/iwouldlove v0.0.0-20171025223116-7828307c0c7d h1:ek7PjE+twdE3EVYY+syzFptYa68m+w937m7UdGEnMw0=
github.com/sebashwa/iwouldlove v0.0.0-20171025223116-7828307c0c7d/go.mod h1:sDfaK6+helhd3B6f17aptCikuN2B748oo3hsapsdgq4=
github.com/sebashwa/vixl44 v0.0.0-20171026205401-8001e33e9030 h1:GR0lSXAYzNCkCgC8z832QXbo43o2O3Fjs3rqLHhVVC4=
github.com/sebashwa/vixl44 v0.0.0-20171026205401-8001e33e9030/go.mod h1:RcQbKXdwctaQ7bZOJCa19GXe/0wlF5S/vpFN63cHrow=
gopkg.in/DATA-DOG/go-sqlmock.v1 v1.3.0 h1:FVCohIoYO7IJoDDVpV2pdq7SgrMH6wHnuTyrdrxJNoY=
gopkg.in/DATA-DOG/go-sqlmock.v1 v1.3.0/go.mod h1:OdE7CF6DbADk7lN8LIKRzRJTTZXIjtWgA5THM5lhBAw=
