# This file is autogenerated, do not edit; changes may be undone by the next 'dep ensure'.


[[projects]]
  branch = "master"
  name = "github.com/lucasb-eyer/go-colorful"
  packages = ["."]
  revision = "231272389856c976b7500c4fffcc52ddf06ff4eb"

[[projects]]
  name = "github.com/mattn/go-runewidth"
  packages = ["."]
  revision = "9e777a8366cce605130a531d2cd6363d07ad7317"
  version = "v0.0.2"

[[projects]]
  branch = "master"
  name = "github.com/nsf/termbox-go"
  packages = ["."]
  revision = "10cefba34bc5e7a6e5df0836a42513c28a10e074"

[[projects]]
  branch = "master"
  name = "github.com/sebashwa/iwouldlove"
  packages = ["."]
  revision = "1261b189780e65a5b433d39117d06dd16e91bc13"

[solve-meta]
  analyzer-name = "dep"
  analyzer-version = 1
  inputs-digest = "9c6645a91d4bcd7d9ef0f3b532ec740dc74e86c7db9176eec49e492d98f1acbd"
  solver-name = "gps-cdcl"
  solver-version = 1
